{
  "name": "ajs-platforms-package",
  "version": "1.0.0",
  "lockfileVersion": 1,
  "requires": true,
  "dependencies": {
    "@zenkioo/ajs-platforms": {
      "version": "1.0.0",
      "resolved": "https://npm.pkg.github.com/download/@zenkioo/ajs-platforms/1.0.0/54a1c7d82d65ce6234b997bf2fe938171d26686dd83e83464e60445467460ded",
      "integrity": "sha512-O/Cd7K/8bYpnUMIpwXsoM8e2H33wygF+npKf9vG3g+pYAxuRi9abJMcRXliK1AyYhHS3FF8SCtTVdxQR+HyxQQ=="
    }
  }
}
